
Microsoft Visual Studio Solution File, Format Version 12.00
# Visual Studio Version 17
VisualStudioVersion = 17.3.32901.215
MinimumVisualStudioVersion = 10.0.40219.1
Project("{9A19103F-16F7-4668-BE54-9A1E7A4F7556}") = "InvoiceAssistantV2.Server", "InvoiceAssistantV2\Server\InvoiceAssistantV2.Server.csproj", "{D48F36C8-27A1-4DF8-96FA-E3E82D09CF04}"
EndProject
Project("{9A19103F-16F7-4668-BE54-9A1E7A4F7556}") = "InvoiceAssistantV2.Client", "InvoiceAssistantV2\Client\InvoiceAssistantV2.Client.csproj", "{B21CDCF5-F8F7-4818-BAAE-6E31D30FD8ED}"
EndProject
Project("{9A19103F-16F7-4668-BE54-9A1E7A4F7556}") = "InvoiceAssistantV2.Shared", "InvoiceAssistantV2\Shared\InvoiceAssistantV2.Shared.csproj", "{321ECC0C-C104-4C6F-A4DB-3578808AE9AC}"
EndProject
Project("{9A19103F-16F7-4668-BE54-9A1E7A4F7556}") = "Database", "Database\Database.csproj", "{90428E23-7FEF-423E-8E55-99F2DC98C8CB}"
EndProject
Project("{9A19103F-16F7-4668-BE54-9A1E7A4F7556}") = "Test", "Test\Test.csproj", "{6910EF5B-3C18-4C6C-B063-D2438EE6051D}"
EndProject
Global
	GlobalSection(SolutionConfigurationPlatforms) = preSolution
		Debug|Any CPU = Debug|Any CPU
		Release|Any CPU = Release|Any CPU
	EndGlobalSection
	GlobalSection(ProjectConfigurationPlatforms) = postSolution
		{D48F36C8-27A1-4DF8-96FA-E3E82D09CF04}.Debug|Any CPU.ActiveCfg = Debug|Any CPU
		{D48F36C8-27A1-4DF8-96FA-E3E82D09CF04}.Debug|Any CPU.Build.0 = Debug|Any CPU
		{D48F36C8-27A1-4DF8-96FA-E3E82D09CF04}.Release|Any CPU.ActiveCfg = Release|Any CPU
		{D48F36C8-27A1-4DF8-96FA-E3E82D09CF04}.Release|Any CPU.Build.0 = Release|Any CPU
		{B21CDCF5-F8F7-4818-BAAE-6E31D30FD8ED}.Debug|Any CPU.ActiveCfg = Debug|Any CPU
		{B21CDCF5-F8F7-4818-BAAE-6E31D30FD8ED}.Debug|Any CPU.Build.0 = Debug|Any CPU
		{B21CDCF5-F8F7-4818-BAAE-6E31D30FD8ED}.Release|Any CPU.ActiveCfg = Release|Any CPU
		{B21CDCF5-F8F7-4818-BAAE-6E31D30FD8ED}.Release|Any CPU.Build.0 = Release|Any CPU
		{321ECC0C-C104-4C6F-A4DB-3578808AE9AC}.Debug|Any CPU.ActiveCfg = Debug|Any CPU
		{321ECC0C-C104-4C6F-A4DB-3578808AE9AC}.Debug|Any CPU.Build.0 = Debug|Any CPU
		{321ECC0C-C104-4C6F-A4DB-3578808AE9AC}.Release|Any CPU.ActiveCfg = Release|Any CPU
		{321ECC0C-C104-4C6F-A4DB-3578808AE9AC}.Release|Any CPU.Build.0 = Release|Any CPU
		{90428E23-7FEF-423E-8E55-99F2DC98C8CB}.Debug|Any CPU.ActiveCfg = Debug|Any CPU
		{90428E23-7FEF-423E-8E55-99F2DC98C8CB}.Debug|Any CPU.Build.0 = Debug|Any CPU
		{90428E23-7FEF-423E-8E55-99F2DC98C8CB}.Release|Any CPU.ActiveCfg = Release|Any CPU
		{90428E23-7FEF-423E-8E55-99F2DC98C8CB}.Release|Any CPU.Build.0 = Release|Any CPU
		{6910EF5B-3C18-4C6C-B063-D2438EE6051D}.Debug|Any CPU.ActiveCfg = Debug|Any CPU
		{6910EF5B-3C18-4C6C-B063-D2438EE6051D}.Debug|Any CPU.Build.0 = Debug|Any CPU
		{6910EF5B-3C18-4C6C-B063-D2438EE6051D}.Release|Any CPU.ActiveCfg = Release|Any CPU
		{6910EF5B-3C18-4C6C-B063-D2438EE6051D}.Release|Any CPU.Build.0 = Release|Any CPU
	EndGlobalSection
	GlobalSection(SolutionProperties) = preSolution
		HideSolutionNode = FALSE
	EndGlobalSection
	GlobalSection(ExtensibilityGlobals) = postSolution
		SolutionGuid = {34EA902A-8FFA-4778-B030-8F9B4D9707A8}
	EndGlobalSection
EndGlobal
